
Microsoft Visual Studio Solution File, Format Version 12.00
# Visual Studio Version 17
VisualStudioVersion = 17.7.34221.43
MinimumVisualStudioVersion = 10.0.40219.1
Project("{9A19103F-16F7-4668-BE54-9A1E7A4F7556}") = "HardDelivery", "HardDeliveryNew\HardDelivery.csproj", "{57C392E0-3264-4422-9834-C9A58B564EBC}"
EndProject
Global
	GlobalSection(SolutionConfigurationPlatforms) = preSolution
		Debug|Any CPU = Debug|Any CPU
		Release|Any CPU = Release|Any CPU
	EndGlobalSection
	GlobalSection(ProjectConfigurationPlatforms) = postSolution
		{57C392E0-3264-4422-9834-C9A58B564EBC}.Debug|Any CPU.ActiveCfg = Debug|Any CPU
		{57C392E0-3264-4422-9834-C9A58B564EBC}.Debug|Any CPU.Build.0 = Debug|Any CPU
		{57C392E0-3264-4422-9834-C9A58B564EBC}.Release|Any CPU.ActiveCfg = Release|Any CPU
		{57C392E0-3264-4422-9834-C9A58B564EBC}.Release|Any CPU.Build.0 = Release|Any CPU
	EndGlobalSection
	GlobalSection(SolutionProperties) = preSolution
		HideSolutionNode = FALSE
	EndGlobalSection
	GlobalSection(ExtensibilityGlobals) = postSolution
		SolutionGuid = {E021D682-6A4D-4D6E-9249-BE34CB38C92A}
	EndGlobalSection
EndGlobal
